PODS:
  - Alamofire (4.9.1)
  - AlamofireObjectMapper (5.2.1):
    - Alamofire (~> 4.7)
    - ObjectMapper (~> 3.4)
  - IQKeyboardManagerSwift (6.5.6)
  - ObjectMapper (3.5.3)
  - Realm (10.5.2):
    - Realm/Headers (= 10.5.2)
  - Realm/Headers (10.5.2)
  - RealmSwift (10.5.2):
    - Realm (= 10.5.2)
  - SwiftSVG (2.3.2)
  - SwiftyJSON (5.0.1)

DEPENDENCIES:
  - Alamofire (~> 4.7)
  - AlamofireObjectMapper (~> 5.2)
  - IQKeyboardManagerSwift (~> 6.5)
  - RealmSwift (~> 10.5.1)
  - SwiftSVG (~> 2.0)
  - SwiftyJSON (~> 5.0.1)

SPEC REPOS:
  trunk:
    - Alamofire
    - AlamofireObjectMapper
    - IQKeyboardManagerSwift
    - ObjectMapper
    - Realm
    - RealmSwift
    - SwiftSVG
    - SwiftyJSON

SPEC CHECKSUMS:
  Alamofire: 85e8a02c69d6020a0d734f6054870d7ecb75cf18
  AlamofireObjectMapper: 1989f690e982b71921b9253f53a4f33a9bc00d88
  IQKeyboardManagerSwift: c7df9d2deb356c04522f5c4b7b6e4ce4d8ed94fe
  ObjectMapper: 97111c97e054a6ee25917662106689f0b4127b37
  Realm: 2e1bc0d28301006176692da234deff51f867d5ae
  RealmSwift: a522ad39715e8b4e491af4460059bc32b84f5a9b
  SwiftSVG: ca7f64e403b8ea7ea8eba8c823b83ba4a059834c
  SwiftyJSON: 2f33a42c6fbc52764d96f13368585094bfd8aa5e

PODFILE CHECKSUM: b6cc05592f2ddf063a2d0bee0aae9f8afc7854d1

COCOAPODS: 1.10.1
