// !$*UTF8*$!
{
	archiveVersion = 1;
	classes = {
	};
	objectVersion = 50;
	objects = {

/* Begin PBXBuildFile section */
		8C01393726D6407C009EA153 /* AppDelegate.swift in Sources */ = {isa = PBXBuildFile; fileRef = 8C01393626D6407C009EA153 /* AppDelegate.swift */; };
		8C01393926D6407C009EA153 /* SceneDelegate.swift in Sources */ = {isa = PBXBuildFile; fileRef = 8C01393826D6407C009EA153 /* SceneDelegate.swift */; };
		8C01393B26D6407C009EA153 /* ViewController.swift in Sources */ = {isa = PBXBuildFile; fileRef = 8C01393A26D6407C009EA153 /* ViewController.swift */; };
		8C01393E26D6407C009EA153 /* Main.storyboard in Resources */ = {isa = PBXBuildFile; fileRef = 8C01393C26D6407C009EA153 /* Main.storyboard */; };
		8C01394026D6407E009EA153 /* Assets.xcassets in Resources */ = {isa = PBXBuildFile; fileRef = 8C01393F26D6407E009EA153 /* Assets.xcassets */; };
		8C01394326D6407E009EA153 /* LaunchScreen.storyboard in Resources */ = {isa = PBXBuildFile; fileRef = 8C01394126D6407E009EA153 /* LaunchScreen.storyboard */; };
		8C01394E26D6407E009EA153 /* FootBallFixtureTests.swift in Sources */ = {isa = PBXBuildFile; fileRef = 8C01394D26D6407E009EA153 /* FootBallFixtureTests.swift */; };
		8C01395926D6407E009EA153 /* FootBallFixtureUITests.swift in Sources */ = {isa = PBXBuildFile; fileRef = 8C01395826D6407E009EA153 /* FootBallFixtureUITests.swift */; };
/* End PBXBuildFile section */

/* Begin PBXContainerItemProxy section */
		8C01394A26D6407E009EA153 /* PBXContainerItemProxy */ = {
			isa = PBXContainerItemProxy;
			containerPortal = 8C01392B26D6407C009EA153 /* Project object */;
			proxyType = 1;
			remoteGlobalIDString = 8C01393226D6407C009EA153;
			remoteInfo = FootBallFixture;
		};
		8C01395526D6407E009EA153 /* PBXContainerItemProxy */ = {
			isa = PBXContainerItemProxy;
			containerPortal = 8C01392B26D6407C009EA153 /* Project object */;
			proxyType = 1;
			remoteGlobalIDString = 8C01393226D6407C009EA153;
			remoteInfo = FootBallFixture;
		};
/* End PBXContainerItemProxy section */

/* Begin PBXFileReference section */
		8C01393326D6407C009EA153 /* FootBallFixture.app */ = {isa = PBXFileReference; explicitFileType = wrapper.application; includeInIndex = 0; path = FootBallFixture.app; sourceTree = BUILT_PRODUCTS_DIR; };
		8C01393626D6407C009EA153 /* AppDelegate.swift */ = {isa = PBXFileReference; lastKnownFileType = sourcecode.swift; path = AppDelegate.swift; sourceTree = "<group>"; };
		8C01393826D6407C009EA153 /* SceneDelegate.swift */ = {isa = PBXFileReference; lastKnownFileType = sourcecode.swift; path = SceneDelegate.swift; sourceTree = "<group>"; };
		8C01393A26D6407C009EA153 /* ViewController.swift */ = {isa = PBXFileReference; lastKnownFileType = sourcecode.swift; path = ViewController.swift; sourceTree = "<group>"; };
		8C01393D26D6407C009EA153 /* Base */ = {isa = PBXFileReference; lastKnownFileType = file.storyboard; name = Base; path = Base.lproj/Main.storyboard; sourceTree = "<group>"; };
		8C01393F26D6407E009EA153 /* Assets.xcassets */ = {isa = PBXFileReference; lastKnownFileType = folder.assetcatalog; path = Assets.xcassets; sourceTree = "<group>"; };
		8C01394226D6407E009EA153 /* Base */ = {isa = PBXFileReference; lastKnownFileType = file.storyboard; name = Base; path = Base.lproj/LaunchScreen.storyboard; sourceTree = "<group>"; };
		8C01394426D6407E009EA153 /* Info.plist */ = {isa = PBXFileReference; lastKnownFileType = text.plist.xml; path = Info.plist; sourceTree = "<group>"; };
		8C01394926D6407E009EA153 /* FootBallFixtureTests.xctest */ = {isa = PBXFileReference; explicitFileType = wrapper.cfbundle; includeInIndex = 0; path = FootBallFixtureTests.xctest; sourceTree = BUILT_PRODUCTS_DIR; };
		8C01394D26D6407E009EA153 /* FootBallFixtureTests.swift */ = {isa = PBXFileReference; lastKnownFileType = sourcecode.swift; path = FootBallFixtureTests.swift; sourceTree = "<group>"; };
		8C01394F26D6407E009EA153 /* Info.plist */ = {isa = PBXFileReference; lastKnownFileType = text.plist.xml; path = Info.plist; sourceTree = "<group>"; };
		8C01395426D6407E009EA153 /* FootBallFixtureUITests.xctest */ = {isa = PBXFileReference; explicitFileType = wrapper.cfbundle; includeInIndex = 0; path = FootBallFixtureUITests.xctest; sourceTree = BUILT_PRODUCTS_DIR; };
		8C01395826D6407E009EA153 /* FootBallFixtureUITests.swift */ = {isa = PBXFileReference; lastKnownFileType = sourcecode.swift; path = FootBallFixtureUITests.swift; sourceTree = "<group>"; };
		8C01395A26D6407E009EA153 /* Info.plist */ = {isa = PBXFileReference; lastKnownFileType = text.plist.xml; path = Info.plist; sourceTree = "<group>"; };
/* End PBXFileReference section */

/* Begin PBXFrameworksBuildPhase section */
		8C01393026D6407C009EA153 /* Frameworks */ = {
			isa = PBXFrameworksBuildPhase;
			buildActionMask = 2147483647;
			files = (
			);
			runOnlyForDeploymentPostprocessing = 0;
		};
		8C01394626D6407E009EA153 /* Frameworks */ = {
			isa = PBXFrameworksBuildPhase;
			buildActionMask = 2147483647;
			files = (
			);
			runOnlyForDeploymentPostprocessing = 0;
		};
		8C01395126D6407E009EA153 /* Frameworks */ = {
			isa = PBXFrameworksBuildPhase;
			buildActionMask = 2147483647;
			files = (
			);
			runOnlyForDeploymentPostprocessing = 0;
		};
/* End PBXFrameworksBuildPhase section */

/* Begin PBXGroup section */
		8C01392A26D6407C009EA153 = {
			isa = PBXGroup;
			children = (
				8C01393526D6407C009EA153 /* FootBallFixture */,
				8C01394C26D6407E009EA153 /* FootBallFixtureTests */,
				8C01395726D6407E009EA153 /* FootBallFixtureUITests */,
				8C01393426D6407C009EA153 /* Products */,
			);
			sourceTree = "<group>";
		};
		8C01393426D6407C009EA153 /* Products */ = {
			isa = PBXGroup;
			children = (
				8C01393326D6407C009EA153 /* FootBallFixture.app */,
				8C01394926D6407E009EA153 /* FootBallFixtureTests.xctest */,
				8C01395426D6407E009EA153 /* FootBallFixtureUITests.xctest */,
			);
			name = Products;
			sourceTree = "<group>";
		};
		8C01393526D6407C009EA153 /* FootBallFixture */ = {
			isa = PBXGroup;
			children = (
				8C01393626D6407C009EA153 /* AppDelegate.swift */,
				8C01393826D6407C009EA153 /* SceneDelegate.swift */,
				8C01393A26D6407C009EA153 /* ViewController.swift */,
				8C01393C26D6407C009EA153 /* Main.storyboard */,
				8C01393F26D6407E009EA153 /* Assets.xcassets */,
				8C01394126D6407E009EA153 /* LaunchScreen.storyboard */,
				8C01394426D6407E009EA153 /* Info.plist */,
			);
			path = FootBallFixture;
			sourceTree = "<group>";
		};
		8C01394C26D6407E009EA153 /* FootBallFixtureTests */ = {
			isa = PBXGroup;
			children = (
				8C01394D26D6407E009EA153 /* FootBallFixtureTests.swift */,
				8C01394F26D6407E009EA153 /* Info.plist */,
			);
			path = FootBallFixtureTests;
			sourceTree = "<group>";
		};
		8C01395726D6407E009EA153 /* FootBallFixtureUITests */ = {
			isa = PBXGroup;
			children = (
				8C01395826D6407E009EA153 /* FootBallFixtureUITests.swift */,
				8C01395A26D6407E009EA153 /* Info.plist */,
			);
			path = FootBallFixtureUITests;
			sourceTree = "<group>";
		};
/* End PBXGroup section */

/* Begin PBXNativeTarget section */
		8C01393226D6407C009EA153 /* FootBallFixture */ = {
			isa = PBXNativeTarget;
			buildConfigurationList = 8C01395D26D6407E009EA153 /* Build configuration list for PBXNativeTarget "FootBallFixture" */;
			buildPhases = (
				8C01392F26D6407C009EA153 /* Sources */,
				8C01393026D6407C009EA153 /* Frameworks */,
				8C01393126D6407C009EA153 /* Resources */,
			);
			buildRules = (
			);
			dependencies = (
			);
			name = FootBallFixture;
			productName = FootBallFixture;
			productReference = 8C01393326D6407C009EA153 /* FootBallFixture.app */;
			productType = "com.apple.product-type.application";
		};
		8C01394826D6407E009EA153 /* FootBallFixtureTests */ = {
			isa = PBXNativeTarget;
			buildConfigurationList = 8C01396026D6407E009EA153 /* Build configuration list for PBXNativeTarget "FootBallFixtureTests" */;
			buildPhases = (
				8C01394526D6407E009EA153 /* Sources */,
				8C01394626D6407E009EA153 /* Frameworks */,
				8C01394726D6407E009EA153 /* Resources */,
			);
			buildRules = (
			);
			dependencies = (
				8C01394B26D6407E009EA153 /* PBXTargetDependency */,
			);
			name = FootBallFixtureTests;
			productName = FootBallFixtureTests;
			productReference = 8C01394926D6407E009EA153 /* FootBallFixtureTests.xctest */;
			productType = "com.apple.product-type.bundle.unit-test";
		};
		8C01395326D6407E009EA153 /* FootBallFixtureUITests */ = {
			isa = PBXNativeTarget;
			buildConfigurationList = 8C01396326D6407E009EA153 /* Build configuration list for PBXNativeTarget "FootBallFixtureUITests" */;
			buildPhases = (
				8C01395026D6407E009EA153 /* Sources */,
				8C01395126D6407E009EA153 /* Frameworks */,
				8C01395226D6407E009EA153 /* Resources */,
			);
			buildRules = (
			);
			dependencies = (
				8C01395626D6407E009EA153 /* PBXTargetDependency */,
			);
			name = FootBallFixtureUITests;
			productName = FootBallFixtureUITests;
			productReference = 8C01395426D6407E009EA153 /* FootBallFixtureUITests.xctest */;
			productType = "com.apple.product-type.bundle.ui-testing";
		};
/* End PBXNativeTarget section */

/* Begin PBXProject section */
		8C01392B26D6407C009EA153 /* Project object */ = {
			isa = PBXProject;
			attributes = {
				LastSwiftUpdateCheck = 1250;
				LastUpgradeCheck = 1250;
				TargetAttributes = {
					8C01393226D6407C009EA153 = {
						CreatedOnToolsVersion = 12.5.1;
					};
					8C01394826D6407E009EA153 = {
						CreatedOnToolsVersion = 12.5.1;
						TestTargetID = 8C01393226D6407C009EA153;
					};
					8C01395326D6407E009EA153 = {
						CreatedOnToolsVersion = 12.5.1;
						TestTargetID = 8C01393226D6407C009EA153;
					};
				};
			};
			buildConfigurationList = 8C01392E26D6407C009EA153 /* Build configuration list for PBXProject "FootBallFixture" */;
			compatibilityVersion = "Xcode 9.3";
			developmentRegion = en;
			hasScannedForEncodings = 0;
			knownRegions = (
				en,
				Base,
			);
			mainGroup = 8C01392A26D6407C009EA153;
			productRefGroup = 8C01393426D6407C009EA153 /* Products */;
			projectDirPath = "";
			projectRoot = "";
			targets = (
				8C01393226D6407C009EA153 /* FootBallFixture */,
				8C01394826D6407E009EA153 /* FootBallFixtureTests */,
				8C01395326D6407E009EA153 /* FootBallFixtureUITests */,
			);
		};
/* End PBXProject section */

/* Begin PBXResourcesBuildPhase section */
		8C01393126D6407C009EA153 /* Resources */ = {
			isa = PBXResourcesBuildPhase;
			buildActionMask = 2147483647;
			files = (
				8C01394326D6407E009EA153 /* LaunchScreen.storyboard in Resources */,
				8C01394026D6407E009EA153 /* Assets.xcassets in Resources */,
				8C01393E26D6407C009EA153 /* Main.storyboard in Resources */,
			);
			runOnlyForDeploymentPostprocessing = 0;
		};
		8C01394726D6407E009EA153 /* Resources */ = {
			isa = PBXResourcesBuildPhase;
			buildActionMask = 2147483647;
			files = (
			);
			runOnlyForDeploymentPostprocessing = 0;
		};
		8C01395226D6407E009EA153 /* Resources */ = {
			isa = PBXResourcesBuildPhase;
			buildActionMask = 2147483647;
			files = (
			);
			runOnlyForDeploymentPostprocessing = 0;
		};
/* End PBXResourcesBuildPhase section */

/* Begin PBXSourcesBuildPhase section */
		8C01392F26D6407C009EA153 /* Sources */ = {
			isa = PBXSourcesBuildPhase;
			buildActionMask = 2147483647;
			files = (
				8C01393B26D6407C009EA153 /* ViewController.swift in Sources */,
				8C01393726D6407C009EA153 /* AppDelegate.swift in Sources */,
				8C01393926D6407C009EA153 /* SceneDelegate.swift in Sources */,
			);
			runOnlyForDeploymentPostprocessing = 0;
		};
		8C01394526D6407E009EA153 /* Sources */ = {
			isa = PBXSourcesBuildPhase;
			buildActionMask = 2147483647;
			files = (
				8C01394E26D6407E009EA153 /* FootBallFixtureTests.swift in Sources */,
			);
			runOnlyForDeploymentPostprocessing = 0;
		};
		8C01395026D6407E009EA153 /* Sources */ = {
			isa = PBXSourcesBuildPhase;
			buildActionMask = 2147483647;
			files = (
				8C01395926D6407E009EA153 /* FootBallFixtureUITests.swift in Sources */,
			);
			runOnlyForDeploymentPostprocessing = 0;
		};
/* End PBXSourcesBuildPhase section */

/* Begin PBXTargetDependency section */
		8C01394B26D6407E009EA153 /* PBXTargetDependency */ = {
			isa = PBXTargetDependency;
			target = 8C01393226D6407C009EA153 /* FootBallFixture */;
			targetProxy = 8C01394A26D6407E009EA153 /* PBXContainerItemProxy */;
		};
		8C01395626D6407E009EA153 /* PBXTargetDependency */ = {
			isa = PBXTargetDependency;
			target = 8C01393226D6407C009EA153 /* FootBallFixture */;
			targetProxy = 8C01395526D6407E009EA153 /* PBXContainerItemProxy */;
		};
/* End PBXTargetDependency section */

/* Begin PBXVariantGroup section */
		8C01393C26D6407C009EA153 /* Main.storyboard */ = {
			isa = PBXVariantGroup;
			children = (
				8C01393D26D6407C009EA153 /* Base */,
			);
			name = Main.storyboard;
			sourceTree = "<group>";
		};
		8C01394126D6407E009EA153 /* LaunchScreen.storyboard */ = {
			isa = PBXVariantGroup;
			children = (
				8C01394226D6407E009EA153 /* Base */,
			);
			name = LaunchScreen.storyboard;
			sourceTree = "<group>";
		};
/* End PBXVariantGroup section */

/* Begin XCBuildConfiguration section */
		8C01395B26D6407E009EA153 /* Debug */ = {
			isa = XCBuildConfiguration;
			buildSettings = {
				ALWAYS_SEARCH_USER_PATHS = NO;
				CLANG_ANALYZER_NONNULL = YES;
				CLANG_ANALYZER_NUMBER_OBJECT_CONVERSION = YES_AGGRESSIVE;
				CLANG_CXX_LANGUAGE_STANDARD = "gnu++14";
				CLANG_CXX_LIBRARY = "libc++";
				CLANG_ENABLE_MODULES = YES;
				CLANG_ENABLE_OBJC_ARC = YES;
				CLANG_ENABLE_OBJC_WEAK = YES;
				CLANG_WARN_BLOCK_CAPTURE_AUTORELEASING = YES;
				CLANG_WARN_BOOL_CONVERSION = YES;
				CLANG_WARN_COMMA = YES;
				CLANG_WARN_CONSTANT_CONVERSION = YES;
				CLANG_WARN_DEPRECATED_OBJC_IMPLEMENTATIONS = YES;
				CLANG_WARN_DIRECT_OBJC_ISA_USAGE = YES_ERROR;
				CLANG_WARN_DOCUMENTATION_COMMENTS = YES;
				CLANG_WARN_EMPTY_BODY = YES;
				CLANG_WARN_ENUM_CONVERSION = YES;
				CLANG_WARN_INFINITE_RECURSION = YES;
				CLANG_WARN_INT_CONVERSION = YES;
				CLANG_WARN_NON_LITERAL_NULL_CONVERSION = YES;
				CLANG_WARN_OBJC_IMPLICIT_RETAIN_SELF = YES;
				CLANG_WARN_OBJC_LITERAL_CONVERSION = YES;
				CLANG_WARN_OBJC_ROOT_CLASS = YES_ERROR;
				CLANG_WARN_QUOTED_INCLUDE_IN_FRAMEWORK_HEADER = YES;
				CLANG_WARN_RANGE_LOOP_ANALYSIS = YES;
				CLANG_WARN_STRICT_PROTOTYPES = YES;
				CLANG_WARN_SUSPICIOUS_MOVE = YES;
				CLANG_WARN_UNGUARDED_AVAILABILITY = YES_AGGRESSIVE;
				CLANG_WARN_UNREACHABLE_CODE = YES;
				CLANG_WARN__DUPLICATE_METHOD_MATCH = YES;
				COPY_PHASE_STRIP = NO;
				DEBUG_INFORMATION_FORMAT = dwarf;
				ENABLE_STRICT_OBJC_MSGSEND = YES;
				ENABLE_TESTABILITY = YES;
				GCC_C_LANGUAGE_STANDARD = gnu11;
				GCC_DYNAMIC_NO_PIC = NO;
				GCC_NO_COMMON_BLOCKS = YES;
				GCC_OPTIMIZATION_LEVEL = 0;
				GCC_PREPROCESSOR_DEFINITIONS = (
					"DEBUG=1",
					"$(inherited)",
				);
				GCC_WARN_64_TO_32_BIT_CONVERSION = YES;
				GCC_WARN_ABOUT_RETURN_TYPE = YES_ERROR;
				GCC_WARN_UNDECLARED_SELECTOR = YES;
				GCC_WARN_UNINITIALIZED_AUTOS = YES_AGGRESSIVE;
				GCC_WARN_UNUSED_FUNCTION = YES;
				GCC_WARN_UNUSED_VARIABLE = YES;
				IPHONEOS_DEPLOYMENT_TARGET = 14.5;
				MTL_ENABLE_DEBUG_INFO = INCLUDE_SOURCE;
				MTL_FAST_MATH = YES;
				ONLY_ACTIVE_ARCH = YES;
				SDKROOT = iphoneos;
				SWIFT_ACTIVE_COMPILATION_CONDITIONS = DEBUG;
				SWIFT_OPTIMIZATION_LEVEL = "-Onone";
			};
			name = Debug;
		};
		8C01395C26D6407E009EA153 /* Release */ = {
			isa = XCBuildConfiguration;
			buildSettings = {
				ALWAYS_SEARCH_USER_PATHS = NO;
				CLANG_ANALYZER_NONNULL = YES;
				CLANG_ANALYZER_NUMBER_OBJECT_CONVERSION = YES_AGGRESSIVE;
				CLANG_CXX_LANGUAGE_STANDARD = "gnu++14";
				CLANG_CXX_LIBRARY = "libc++";
				CLANG_ENABLE_MODULES = YES;
				CLANG_ENABLE_OBJC_ARC = YES;
				CLANG_ENABLE_OBJC_WEAK = YES;
				CLANG_WARN_BLOCK_CAPTURE_AUTORELEASING = YES;
				CLANG_WARN_BOOL_CONVERSION = YES;
				CLANG_WARN_COMMA = YES;
				CLANG_WARN_CONSTANT_CONVERSION = YES;
				CLANG_WARN_DEPRECATED_OBJC_IMPLEMENTATIONS = YES;
				CLANG_WARN_DIRECT_OBJC_ISA_USAGE = YES_ERROR;
				CLANG_WARN_DOCUMENTATION_COMMENTS = YES;
				CLANG_WARN_EMPTY_BODY = YES;
				CLANG_WARN_ENUM_CONVERSION = YES;
				CLANG_WARN_INFINITE_RECURSION = YES;
				CLANG_WARN_INT_CONVERSION = YES;
				CLANG_WARN_NON_LITERAL_NULL_CONVERSION = YES;
				CLANG_WARN_OBJC_IMPLICIT_RETAIN_SELF = YES;
				CLANG_WARN_OBJC_LITERAL_CONVERSION = YES;
				CLANG_WARN_OBJC_ROOT_CLASS = YES_ERROR;
				CLANG_WARN_QUOTED_INCLUDE_IN_FRAMEWORK_HEADER = YES;
				CLANG_WARN_RANGE_LOOP_ANALYSIS = YES;
				CLANG_WARN_STRICT_PROTOTYPES = YES;
				CLANG_WARN_SUSPICIOUS_MOVE = YES;
				CLANG_WARN_UNGUARDED_AVAILABILITY = YES_AGGRESSIVE;
				CLANG_WARN_UNREACHABLE_CODE = YES;
				CLANG_WARN__DUPLICATE_METHOD_MATCH = YES;
				COPY_PHASE_STRIP = NO;
				DEBUG_INFORMATION_FORMAT = "dwarf-with-dsym";
				ENABLE_NS_ASSERTIONS = NO;
				ENABLE_STRICT_OBJC_MSGSEND = YES;
				GCC_C_LANGUAGE_STANDARD = gnu11;
				GCC_NO_COMMON_BLOCKS = YES;
				GCC_WARN_64_TO_32_BIT_CONVERSION = YES;
				GCC_WARN_ABOUT_RETURN_TYPE = YES_ERROR;
				GCC_WARN_UNDECLARED_SELECTOR = YES;
				GCC_WARN_UNINITIALIZED_AUTOS = YES_AGGRESSIVE;
				GCC_WARN_UNUSED_FUNCTION = YES;
				GCC_WARN_UNUSED_VARIABLE = YES;
				IPHONEOS_DEPLOYMENT_TARGET = 14.5;
				MTL_ENABLE_DEBUG_INFO = NO;
				MTL_FAST_MATH = YES;
				SDKROOT = iphoneos;
				SWIFT_COMPILATION_MODE = wholemodule;
				SWIFT_OPTIMIZATION_LEVEL = "-O";
				VALIDATE_PRODUCT = YES;
			};
			name = Release;
		};
		8C01395E26D6407E009EA153 /* Debug */ = {
			isa = XCBuildConfiguration;
			buildSettings = {
				ASSETCATALOG_COMPILER_APPICON_NAME = AppIcon;
				ASSETCATALOG_COMPILER_GLOBAL_ACCENT_COLOR_NAME = AccentColor;
				CODE_SIGN_STYLE = Automatic;
				INFOPLIST_FILE = FootBallFixture/Info.plist;
				LD_RUNPATH_SEARCH_PATHS = (
					"$(inherited)",
					"@executable_path/Frameworks",
				);
				PRODUCT_BUNDLE_IDENTIFIER = com.royaltech.com.FootBallFixture;
				PRODUCT_NAME = "$(TARGET_NAME)";
				SWIFT_VERSION = 5.0;
				TARGETED_DEVICE_FAMILY = "1,2";
			};
			name = Debug;
		};
		8C01395F26D6407E009EA153 /* Release */ = {
			isa = XCBuildConfiguration;
			buildSettings = {
				ASSETCATALOG_COMPILER_APPICON_NAME = AppIcon;
				ASSETCATALOG_COMPILER_GLOBAL_ACCENT_COLOR_NAME = AccentColor;
				CODE_SIGN_STYLE = Automatic;
				INFOPLIST_FILE = FootBallFixture/Info.plist;
				LD_RUNPATH_SEARCH_PATHS = (
					"$(inherited)",
					"@executable_path/Frameworks",
				);
				PRODUCT_BUNDLE_IDENTIFIER = com.royaltech.com.FootBallFixture;
				PRODUCT_NAME = "$(TARGET_NAME)";
				SWIFT_VERSION = 5.0;
				TARGETED_DEVICE_FAMILY = "1,2";
			};
			name = Release;
		};
		8C01396126D6407E009EA153 /* Debug */ = {
			isa = XCBuildConfiguration;
			buildSettings = {
				ALWAYS_EMBED_SWIFT_STANDARD_LIBRARIES = YES;
				BUNDLE_LOADER = "$(TEST_HOST)";
				CODE_SIGN_STYLE = Automatic;
				INFOPLIST_FILE = FootBallFixtureTests/Info.plist;
				IPHONEOS_DEPLOYMENT_TARGET = 14.5;
				LD_RUNPATH_SEARCH_PATHS = (
					"$(inherited)",
					"@executable_path/Frameworks",
					"@loader_path/Frameworks",
				);
				PRODUCT_BUNDLE_IDENTIFIER = com.royaltech.com.FootBallFixtureTests;
				PRODUCT_NAME = "$(TARGET_NAME)";
				SWIFT_VERSION = 5.0;
				TARGETED_DEVICE_FAMILY = "1,2";
				TEST_HOST = "$(BUILT_PRODUCTS_DIR)/FootBallFixture.app/FootBallFixture";
			};
			name = Debug;
		};
		8C01396226D6407E009EA153 /* Release */ = {
			isa = XCBuildConfiguration;
			buildSettings = {
				ALWAYS_EMBED_SWIFT_STANDARD_LIBRARIES = YES;
				BUNDLE_LOADER = "$(TEST_HOST)";
				CODE_SIGN_STYLE = Automatic;
				INFOPLIST_FILE = FootBallFixtureTests/Info.plist;
				IPHONEOS_DEPLOYMENT_TARGET = 14.5;
				LD_RUNPATH_SEARCH_PATHS = (
					"$(inherited)",
					"@executable_path/Frameworks",
					"@loader_path/Frameworks",
				);
				PRODUCT_BUNDLE_IDENTIFIER = com.royaltech.com.FootBallFixtureTests;
				PRODUCT_NAME = "$(TARGET_NAME)";
				SWIFT_VERSION = 5.0;
				TARGETED_DEVICE_FAMILY = "1,2";
				TEST_HOST = "$(BUILT_PRODUCTS_DIR)/FootBallFixture.app/FootBallFixture";
			};
			name = Release;
		};
		8C01396426D6407E009EA153 /* Debug */ = {
			isa = XCBuildConfiguration;
			buildSettings = {
				ALWAYS_EMBED_SWIFT_STANDARD_LIBRARIES = YES;
				CODE_SIGN_STYLE = Automatic;
				INFOPLIST_FILE = FootBallFixtureUITests/Info.plist;
				LD_RUNPATH_SEARCH_PATHS = (
					"$(inherited)",
					"@executable_path/Frameworks",
					"@loader_path/Frameworks",
				);
				PRODUCT_BUNDLE_IDENTIFIER = com.royaltech.com.FootBallFixtureUITests;
				PRODUCT_NAME = "$(TARGET_NAME)";
				SWIFT_VERSION = 5.0;
				TARGETED_DEVICE_FAMILY = "1,2";
				TEST_TARGET_NAME = FootBallFixture;
			};
			name = Debug;
		};
		8C01396526D6407E009EA153 /* Release */ = {
			isa = XCBuildConfiguration;
			buildSettings = {
				ALWAYS_EMBED_SWIFT_STANDARD_LIBRARIES = YES;
				CODE_SIGN_STYLE = Automatic;
				INFOPLIST_FILE = FootBallFixtureUITests/Info.plist;
				LD_RUNPATH_SEARCH_PATHS = (
					"$(inherited)",
					"@executable_path/Frameworks",
					"@loader_path/Frameworks",
				);
				PRODUCT_BUNDLE_IDENTIFIER = com.royaltech.com.FootBallFixtureUITests;
				PRODUCT_NAME = "$(TARGET_NAME)";
				SWIFT_VERSION = 5.0;
				TARGETED_DEVICE_FAMILY = "1,2";
				TEST_TARGET_NAME = FootBallFixture;
			};
			name = Release;
		};
/* End XCBuildConfiguration section */

/* Begin XCConfigurationList section */
		8C01392E26D6407C009EA153 /* Build configuration list for PBXProject "FootBallFixture" */ = {
			isa = XCConfigurationList;
			buildConfigurations = (
				8C01395B26D6407E009EA153 /* Debug */,
				8C01395C26D6407E009EA153 /* Release */,
			);
			defaultConfigurationIsVisible = 0;
			defaultConfigurationName = Release;
		};
		8C01395D26D6407E009EA153 /* Build configuration list for PBXNativeTarget "FootBallFixture" */ = {
			isa = XCConfigurationList;
			buildConfigurations = (
				8C01395E26D6407E009EA153 /* Debug */,
				8C01395F26D6407E009EA153 /* Release */,
			);
			defaultConfigurationIsVisible = 0;
			defaultConfigurationName = Release;
		};
		8C01396026D6407E009EA153 /* Build configuration list for PBXNativeTarget "FootBallFixtureTests" */ = {
			isa = XCConfigurationList;
			buildConfigurations = (
				8C01396126D6407E009EA153 /* Debug */,
				8C01396226D6407E009EA153 /* Release */,
			);
			defaultConfigurationIsVisible = 0;
			defaultConfigurationName = Release;
		};
		8C01396326D6407E009EA153 /* Build configuration list for PBXNativeTarget "FootBallFixtureUITests" */ = {
			isa = XCConfigurationList;
			buildConfigurations = (
				8C01396426D6407E009EA153 /* Debug */,
				8C01396526D6407E009EA153 /* Release */,
			);
			defaultConfigurationIsVisible = 0;
			defaultConfigurationName = Release;
		};
/* End XCConfigurationList section */
	};
	rootObject = 8C01392B26D6407C009EA153 /* Project object */;
}
